// !$*UTF8*$!
{
	archiveVersion = 1;
	classes = {
	};
	objectVersion = 50;
	objects = {

/* Begin PBXBuildFile section */
		3E752EC923A6168F00F33BCC /* IntentModel.swift in Sources */ = {isa = PBXBuildFile; fileRef = 3E752EC823A6168F00F33BCC /* IntentModel.swift */; };
		46EBF57F238D0D7400F47A4E /* AppDelegate.swift in Sources */ = {isa = PBXBuildFile; fileRef = 46EBF57E238D0D7400F47A4E /* AppDelegate.swift */; };
		46EBF581238D0D7400F47A4E /* SceneDelegate.swift in Sources */ = {isa = PBXBuildFile; fileRef = 46EBF580238D0D7400F47A4E /* SceneDelegate.swift */; };
		46EBF583238D0D7400F47A4E /* ContentView.swift in Sources */ = {isa = PBXBuildFile; fileRef = 46EBF582238D0D7400F47A4E /* ContentView.swift */; };
		46EBF585238D0D7500F47A4E /* Assets.xcassets in Resources */ = {isa = PBXBuildFile; fileRef = 46EBF584238D0D7500F47A4E /* Assets.xcassets */; };
		46EBF588238D0D7500F47A4E /* Preview Assets.xcassets in Resources */ = {isa = PBXBuildFile; fileRef = 46EBF587238D0D7500F47A4E /* Preview Assets.xcassets */; };
		46EBF58B238D0D7500F47A4E /* LaunchScreen.storyboard in Resources */ = {isa = PBXBuildFile; fileRef = 46EBF589238D0D7500F47A4E /* LaunchScreen.storyboard */; };
		46EBF593238D3B3000F47A4E /* HelperExtensions.swift in Sources */ = {isa = PBXBuildFile; fileRef = 46EBF592238D3B3000F47A4E /* HelperExtensions.swift */; };
		46EBF595238D3B4000F47A4E /* Server.swift in Sources */ = {isa = PBXBuildFile; fileRef = 46EBF594238D3B4000F47A4E /* Server.swift */; };
		46EBF597238D700E00F47A4E /* BookingView.swift in Sources */ = {isa = PBXBuildFile; fileRef = 46EBF596238D700E00F47A4E /* BookingView.swift */; };
		46EBF5B9238E8F3700F47A4E /* IntentsTable.swift in Sources */ = {isa = PBXBuildFile; fileRef = 46EBF5B8238E8F3700F47A4E /* IntentsTable.swift */; };
		46EBF5BB238E905A00F47A4E /* ReservationDetailView.swift in Sources */ = {isa = PBXBuildFile; fileRef = 46EBF5BA238E905A00F47A4E /* ReservationDetailView.swift */; };
		46EBF5BD238E936F00F47A4E /* ReservationsListView.swift in Sources */ = {isa = PBXBuildFile; fileRef = 46EBF5BC238E936F00F47A4E /* ReservationsListView.swift */; };
/* End PBXBuildFile section */

/* Begin PBXFileReference section */
		3E752EC823A6168F00F33BCC /* IntentModel.swift */ = {isa = PBXFileReference; lastKnownFileType = sourcecode.swift; path = IntentModel.swift; sourceTree = "<group>"; };
		46EBF57B238D0D7400F47A4E /* XiangyuAirlineBooking.app */ = {isa = PBXFileReference; explicitFileType = wrapper.application; includeInIndex = 0; path = XiangyuAirlineBooking.app; sourceTree = BUILT_PRODUCTS_DIR; };
		46EBF57E238D0D7400F47A4E /* AppDelegate.swift */ = {isa = PBXFileReference; lastKnownFileType = sourcecode.swift; path = AppDelegate.swift; sourceTree = "<group>"; };
		46EBF580238D0D7400F47A4E /* SceneDelegate.swift */ = {isa = PBXFileReference; lastKnownFileType = sourcecode.swift; path = SceneDelegate.swift; sourceTree = "<group>"; };
		46EBF582238D0D7400F47A4E /* ContentView.swift */ = {isa = PBXFileReference; lastKnownFileType = sourcecode.swift; path = ContentView.swift; sourceTree = "<group>"; };
		46EBF584238D0D7500F47A4E /* Assets.xcassets */ = {isa = PBXFileReference; lastKnownFileType = folder.assetcatalog; path = Assets.xcassets; sourceTree = "<group>"; };
		46EBF587238D0D7500F47A4E /* Preview Assets.xcassets */ = {isa = PBXFileReference; lastKnownFileType = folder.assetcatalog; path = "Preview Assets.xcassets"; sourceTree = "<group>"; };
		46EBF58A238D0D7500F47A4E /* Base */ = {isa = PBXFileReference; lastKnownFileType = file.storyboard; name = Base; path = Base.lproj/LaunchScreen.storyboard; sourceTree = "<group>"; };
		46EBF58C238D0D7500F47A4E /* Info.plist */ = {isa = PBXFileReference; lastKnownFileType = text.plist.xml; path = Info.plist; sourceTree = "<group>"; };
		46EBF592238D3B3000F47A4E /* HelperExtensions.swift */ = {isa = PBXFileReference; fileEncoding = 4; lastKnownFileType = sourcecode.swift; path = HelperExtensions.swift; sourceTree = "<group>"; };
		46EBF594238D3B4000F47A4E /* Server.swift */ = {isa = PBXFileReference; fileEncoding = 4; lastKnownFileType = sourcecode.swift; path = Server.swift; sourceTree = "<group>"; };
		46EBF596238D700E00F47A4E /* BookingView.swift */ = {isa = PBXFileReference; lastKnownFileType = sourcecode.swift; path = BookingView.swift; sourceTree = "<group>"; };
		46EBF5B8238E8F3700F47A4E /* IntentsTable.swift */ = {isa = PBXFileReference; lastKnownFileType = sourcecode.swift; path = IntentsTable.swift; sourceTree = "<group>"; };
		46EBF5BA238E905A00F47A4E /* ReservationDetailView.swift */ = {isa = PBXFileReference; lastKnownFileType = sourcecode.swift; path = ReservationDetailView.swift; sourceTree = "<group>"; };
		46EBF5BC238E936F00F47A4E /* ReservationsListView.swift */ = {isa = PBXFileReference; lastKnownFileType = sourcecode.swift; path = ReservationsListView.swift; sourceTree = "<group>"; };
/* End PBXFileReference section */

/* Begin PBXFrameworksBuildPhase section */
		46EBF578238D0D7400F47A4E /* Frameworks */ = {
			isa = PBXFrameworksBuildPhase;
			buildActionMask = 2147483647;
			files = (
			);
			runOnlyForDeploymentPostprocessing = 0;
		};
/* End PBXFrameworksBuildPhase section */

/* Begin PBXGroup section */
		46EBF572238D0D7300F47A4E = {
			isa = PBXGroup;
			children = (
				46EBF57D238D0D7400F47A4E /* XiangyuAirlineBooking */,
				46EBF57C238D0D7400F47A4E /* Products */,
			);
			sourceTree = "<group>";
		};
		46EBF57C238D0D7400F47A4E /* Products */ = {
			isa = PBXGroup;
			children = (
				46EBF57B238D0D7400F47A4E /* XiangyuAirlineBooking.app */,
			);
			name = Products;
			sourceTree = "<group>";
		};
		46EBF57D238D0D7400F47A4E /* XiangyuAirlineBooking */ = {
			isa = PBXGroup;
			children = (
				46EBF57E238D0D7400F47A4E /* AppDelegate.swift */,
				46EBF580238D0D7400F47A4E /* SceneDelegate.swift */,
				46EBF582238D0D7400F47A4E /* ContentView.swift */,
				46EBF596238D700E00F47A4E /* BookingView.swift */,
				46EBF5B8238E8F3700F47A4E /* IntentsTable.swift */,
				46EBF5BC238E936F00F47A4E /* ReservationsListView.swift */,
				46EBF5BA238E905A00F47A4E /* ReservationDetailView.swift */,
				46EBF594238D3B4000F47A4E /* Server.swift */,
				3E752EC823A6168F00F33BCC /* IntentModel.swift */,
				46EBF592238D3B3000F47A4E /* HelperExtensions.swift */,
				46EBF584238D0D7500F47A4E /* Assets.xcassets */,
				46EBF589238D0D7500F47A4E /* LaunchScreen.storyboard */,
				46EBF58C238D0D7500F47A4E /* Info.plist */,
				46EBF586238D0D7500F47A4E /* Preview Content */,
			);
			path = XiangyuAirlineBooking;
			sourceTree = "<group>";
		};
		46EBF586238D0D7500F47A4E /* Preview Content */ = {
			isa = PBXGroup;
			children = (
				46EBF587238D0D7500F47A4E /* Preview Assets.xcassets */,
			);
			path = "Preview Content";
			sourceTree = "<group>";
		};
/* End PBXGroup section */

/* Begin PBXNativeTarget section */
		46EBF57A238D0D7400F47A4E /* XiangyuAirlineBooking */ = {
			isa = PBXNativeTarget;
			buildConfigurationList = 46EBF58F238D0D7500F47A4E /* Build configuration list for PBXNativeTarget "XiangyuAirlineBooking" */;
			buildPhases = (
				46EBF577238D0D7400F47A4E /* Sources */,
				46EBF578238D0D7400F47A4E /* Frameworks */,
				46EBF579238D0D7400F47A4E /* Resources */,
			);
			buildRules = (
			);
			dependencies = (
			);
			name = XiangyuAirlineBooking;
			productName = XiangyuAirlineBooking;
			productReference = 46EBF57B238D0D7400F47A4E /* XiangyuAirlineBooking.app */;
			productType = "com.apple.product-type.application";
		};
/* End PBXNativeTarget section */

/* Begin PBXProject section */
		46EBF573238D0D7300F47A4E /* Project object */ = {
			isa = PBXProject;
			attributes = {
				LastSwiftUpdateCheck = 1120;
				LastUpgradeCheck = 1120;
				ORGANIZATIONNAME = "孙翔宇";
				TargetAttributes = {
					46EBF57A238D0D7400F47A4E = {
						CreatedOnToolsVersion = 11.2.1;
					};
				};
			};
			buildConfigurationList = 46EBF576238D0D7300F47A4E /* Build configuration list for PBXProject "XiangyuAirlineBooking" */;
			compatibilityVersion = "Xcode 9.3";
			developmentRegion = en;
			hasScannedForEncodings = 0;
			knownRegions = (
				en,
				Base,
			);
			mainGroup = 46EBF572238D0D7300F47A4E;
			productRefGroup = 46EBF57C238D0D7400F47A4E /* Products */;
			projectDirPath = "";
			projectRoot = "";
			targets = (
				46EBF57A238D0D7400F47A4E /* XiangyuAirlineBooking */,
			);
		};
/* End PBXProject section */

/* Begin PBXResourcesBuildPhase section */
		46EBF579238D0D7400F47A4E /* Resources */ = {
			isa = PBXResourcesBuildPhase;
			buildActionMask = 2147483647;
			files = (
				46EBF58B238D0D7500F47A4E /* LaunchScreen.storyboard in Resources */,
				46EBF588238D0D7500F47A4E /* Preview Assets.xcassets in Resources */,
				46EBF585238D0D7500F47A4E /* Assets.xcassets in Resources */,
			);
			runOnlyForDeploymentPostprocessing = 0;
		};
/* End PBXResourcesBuildPhase section */

/* Begin PBXSourcesBuildPhase section */
		46EBF577238D0D7400F47A4E /* Sources */ = {
			isa = PBXSourcesBuildPhase;
			buildActionMask = 2147483647;
			files = (
				46EBF597238D700E00F47A4E /* BookingView.swift in Sources */,
				46EBF595238D3B4000F47A4E /* Server.swift in Sources */,
				46EBF57F238D0D7400F47A4E /* AppDelegate.swift in Sources */,
				46EBF593238D3B3000F47A4E /* HelperExtensions.swift in Sources */,
				46EBF581238D0D7400F47A4E /* SceneDelegate.swift in Sources */,
				3E752EC923A6168F00F33BCC /* IntentModel.swift in Sources */,
				46EBF5B9238E8F3700F47A4E /* IntentsTable.swift in Sources */,
				46EBF5BD238E936F00F47A4E /* ReservationsListView.swift in Sources */,
				46EBF5BB238E905A00F47A4E /* ReservationDetailView.swift in Sources */,
				46EBF583238D0D7400F47A4E /* ContentView.swift in Sources */,
			);
			runOnlyForDeploymentPostprocessing = 0;
		};
/* End PBXSourcesBuildPhase section */

/* Begin PBXVariantGroup section */
		46EBF589238D0D7500F47A4E /* LaunchScreen.storyboard */ = {
			isa = PBXVariantGroup;
			children = (
				46EBF58A238D0D7500F47A4E /* Base */,
			);
			name = LaunchScreen.storyboard;
			sourceTree = "<group>";
		};
/* End PBXVariantGroup section */

/* Begin XCBuildConfiguration section */
		46EBF58D238D0D7500F47A4E /* Debug */ = {
			isa = XCBuildConfiguration;
			buildSettings = {
				ALWAYS_SEARCH_USER_PATHS = NO;
				CLANG_ANALYZER_NONNULL = YES;
				CLANG_ANALYZER_NUMBER_OBJECT_CONVERSION = YES_AGGRESSIVE;
				CLANG_CXX_LANGUAGE_STANDARD = "gnu++14";
				CLANG_CXX_LIBRARY = "libc++";
				CLANG_ENABLE_MODULES = YES;
				CLANG_ENABLE_OBJC_ARC = YES;
				CLANG_ENABLE_OBJC_WEAK = YES;
				CLANG_WARN_BLOCK_CAPTURE_AUTORELEASING = YES;
				CLANG_WARN_BOOL_CONVERSION = YES;
				CLANG_WARN_COMMA = YES;
				CLANG_WARN_CONSTANT_CONVERSION = YES;
				CLANG_WARN_DEPRECATED_OBJC_IMPLEMENTATIONS = YES;
				CLANG_WARN_DIRECT_OBJC_ISA_USAGE = YES_ERROR;
				CLANG_WARN_DOCUMENTATION_COMMENTS = YES;
				CLANG_WARN_EMPTY_BODY = YES;
				CLANG_WARN_ENUM_CONVERSION = YES;
				CLANG_WARN_INFINITE_RECURSION = YES;
				CLANG_WARN_INT_CONVERSION = YES;
				CLANG_WARN_NON_LITERAL_NULL_CONVERSION = YES;
				CLANG_WARN_OBJC_IMPLICIT_RETAIN_SELF = YES;
				CLANG_WARN_OBJC_LITERAL_CONVERSION = YES;
				CLANG_WARN_OBJC_ROOT_CLASS = YES_ERROR;
				CLANG_WARN_RANGE_LOOP_ANALYSIS = YES;
				CLANG_WARN_STRICT_PROTOTYPES = YES;
				CLANG_WARN_SUSPICIOUS_MOVE = YES;
				CLANG_WARN_UNGUARDED_AVAILABILITY = YES_AGGRESSIVE;
				CLANG_WARN_UNREACHABLE_CODE = YES;
				CLANG_WARN__DUPLICATE_METHOD_MATCH = YES;
				COPY_PHASE_STRIP = NO;
				DEBUG_INFORMATION_FORMAT = dwarf;
				ENABLE_STRICT_OBJC_MSGSEND = YES;
				ENABLE_TESTABILITY = YES;
				GCC_C_LANGUAGE_STANDARD = gnu11;
				GCC_DYNAMIC_NO_PIC = NO;
				GCC_NO_COMMON_BLOCKS = YES;
				GCC_OPTIMIZATION_LEVEL = 0;
				GCC_PREPROCESSOR_DEFINITIONS = (
					"DEBUG=1",
					"$(inherited)",
				);
				GCC_WARN_64_TO_32_BIT_CONVERSION = YES;
				GCC_WARN_ABOUT_RETURN_TYPE = YES_ERROR;
				GCC_WARN_UNDECLARED_SELECTOR = YES;
				GCC_WARN_UNINITIALIZED_AUTOS = YES_AGGRESSIVE;
				GCC_WARN_UNUSED_FUNCTION = YES;
				GCC_WARN_UNUSED_VARIABLE = YES;
				IPHONEOS_DEPLOYMENT_TARGET = 13.2;
				MTL_ENABLE_DEBUG_INFO = INCLUDE_SOURCE;
				MTL_FAST_MATH = YES;
				ONLY_ACTIVE_ARCH = YES;
				SDKROOT = iphoneos;
				SWIFT_ACTIVE_COMPILATION_CONDITIONS = DEBUG;
				SWIFT_OPTIMIZATION_LEVEL = "-Onone";
			};
			name = Debug;
		};
		46EBF58E238D0D7500F47A4E /* Release */ = {
			isa = XCBuildConfiguration;
			buildSettings = {
				ALWAYS_SEARCH_USER_PATHS = NO;
				CLANG_ANALYZER_NONNULL = YES;
				CLANG_ANALYZER_NUMBER_OBJECT_CONVERSION = YES_AGGRESSIVE;
				CLANG_CXX_LANGUAGE_STANDARD = "gnu++14";
				CLANG_CXX_LIBRARY = "libc++";
				CLANG_ENABLE_MODULES = YES;
				CLANG_ENABLE_OBJC_ARC = YES;
				CLANG_ENABLE_OBJC_WEAK = YES;
				CLANG_WARN_BLOCK_CAPTURE_AUTORELEASING = YES;
				CLANG_WARN_BOOL_CONVERSION = YES;
				CLANG_WARN_COMMA = YES;
				CLANG_WARN_CONSTANT_CONVERSION = YES;
				CLANG_WARN_DEPRECATED_OBJC_IMPLEMENTATIONS = YES;
				CLANG_WARN_DIRECT_OBJC_ISA_USAGE = YES_ERROR;
				CLANG_WARN_DOCUMENTATION_COMMENTS = YES;
				CLANG_WARN_EMPTY_BODY = YES;
				CLANG_WARN_ENUM_CONVERSION = YES;
				CLANG_WARN_INFINITE_RECURSION = YES;
				CLANG_WARN_INT_CONVERSION = YES;
				CLANG_WARN_NON_LITERAL_NULL_CONVERSION = YES;
				CLANG_WARN_OBJC_IMPLICIT_RETAIN_SELF = YES;
				CLANG_WARN_OBJC_LITERAL_CONVERSION = YES;
				CLANG_WARN_OBJC_ROOT_CLASS = YES_ERROR;
				CLANG_WARN_RANGE_LOOP_ANALYSIS = YES;
				CLANG_WARN_STRICT_PROTOTYPES = YES;
				CLANG_WARN_SUSPICIOUS_MOVE = YES;
				CLANG_WARN_UNGUARDED_AVAILABILITY = YES_AGGRESSIVE;
				CLANG_WARN_UNREACHABLE_CODE = YES;
				CLANG_WARN__DUPLICATE_METHOD_MATCH = YES;
				COPY_PHASE_STRIP = NO;
				DEBUG_INFORMATION_FORMAT = "dwarf-with-dsym";
				ENABLE_NS_ASSERTIONS = NO;
				ENABLE_STRICT_OBJC_MSGSEND = YES;
				GCC_C_LANGUAGE_STANDARD = gnu11;
				GCC_NO_COMMON_BLOCKS = YES;
				GCC_WARN_64_TO_32_BIT_CONVERSION = YES;
				GCC_WARN_ABOUT_RETURN_TYPE = YES_ERROR;
				GCC_WARN_UNDECLARED_SELECTOR = YES;
				GCC_WARN_UNINITIALIZED_AUTOS = YES_AGGRESSIVE;
				GCC_WARN_UNUSED_FUNCTION = YES;
				GCC_WARN_UNUSED_VARIABLE = YES;
				IPHONEOS_DEPLOYMENT_TARGET = 13.2;
				MTL_ENABLE_DEBUG_INFO = NO;
				MTL_FAST_MATH = YES;
				SDKROOT = iphoneos;
				SWIFT_COMPILATION_MODE = wholemodule;
				SWIFT_OPTIMIZATION_LEVEL = "-O";
				VALIDATE_PRODUCT = YES;
			};
			name = Release;
		};
		46EBF590238D0D7500F47A4E /* Debug */ = {
			isa = XCBuildConfiguration;
			buildSettings = {
				ASSETCATALOG_COMPILER_APPICON_NAME = AppIcon;
				CODE_SIGN_STYLE = Automatic;
				DEVELOPMENT_ASSET_PATHS = "\"XiangyuAirlineBooking/Preview Content\"";
				DEVELOPMENT_TEAM = U8355NX55G;
				ENABLE_PREVIEWS = YES;
				INFOPLIST_FILE = XiangyuAirlineBooking/Info.plist;
				LD_RUNPATH_SEARCH_PATHS = (
					"$(inherited)",
					"@executable_path/Frameworks",
				);
				PRODUCT_BUNDLE_IDENTIFIER = com.uriphium.XiangyuAirlineBooking;
				PRODUCT_NAME = "$(TARGET_NAME)";
				SWIFT_VERSION = 5.0;
				TARGETED_DEVICE_FAMILY = "1,2";
			};
			name = Debug;
		};
		46EBF591238D0D7500F47A4E /* Release */ = {
			isa = XCBuildConfiguration;
			buildSettings = {
				ASSETCATALOG_COMPILER_APPICON_NAME = AppIcon;
				CODE_SIGN_STYLE = Automatic;
				DEVELOPMENT_ASSET_PATHS = "\"XiangyuAirlineBooking/Preview Content\"";
				DEVELOPMENT_TEAM = 46S3S784AR;
				ENABLE_PREVIEWS = YES;
				INFOPLIST_FILE = XiangyuAirlineBooking/Info.plist;
				LD_RUNPATH_SEARCH_PATHS = (
					"$(inherited)",
					"@executable_path/Frameworks",
				);
				PRODUCT_BUNDLE_IDENTIFIER = com.uriphium.XiangyuAirlineBooking;
				PRODUCT_NAME = "$(TARGET_NAME)";
				SWIFT_VERSION = 5.0;
				TARGETED_DEVICE_FAMILY = "1,2";
			};
			name = Release;
		};
/* End XCBuildConfiguration section */

/* Begin XCConfigurationList section */
		46EBF576238D0D7300F47A4E /* Build configuration list for PBXProject "XiangyuAirlineBooking" */ = {
			isa = XCConfigurationList;
			buildConfigurations = (
				46EBF58D238D0D7500F47A4E /* Debug */,
				46EBF58E238D0D7500F47A4E /* Release */,
			);
			defaultConfigurationIsVisible = 0;
			defaultConfigurationName = Release;
		};
		46EBF58F238D0D7500F47A4E /* Build configuration list for PBXNativeTarget "XiangyuAirlineBooking" */ = {
			isa = XCConfigurationList;
			buildConfigurations = (
				46EBF590238D0D7500F47A4E /* Debug */,
				46EBF591238D0D7500F47A4E /* Release */,
			);
			defaultConfigurationIsVisible = 0;
			defaultConfigurationName = Release;
		};
/* End XCConfigurationList section */
	};
	rootObject = 46EBF573238D0D7300F47A4E /* Project object */;
}
